<?xml version="1.0" encoding="utf-8"?>
<Project ToolsVersion="4.0" xmlns="http://schemas.microsoft.com/developer/msbuild/2003">
  <ItemGroup>
    <Filter Include="Source Files">
      <UniqueIdentifier>{4FC737F1-C7A5-4376-A066-2A32D752A2FF}</UniqueIdentifier>
      <Extensions>cpp;c;cc;cxx;def;odl;idl;hpj;bat;asm;asmx</Extensions>
    </Filter>
    <Filter Include="Header Files">
      <UniqueIdentifier>{93995380-89BD-4b04-88EB-625FBE52EBFB}</UniqueIdentifier>
      <Extensions>h;hh;hpp;hxx;hm;inl;inc;xsd</Extensions>
    </Filter>
    <Filter Include="Resource Files">
      <UniqueIdentifier>{67DA6AB6-F800-4c08-8B7A-83BB121AAD01}</UniqueIdentifier>
      <Extensions>rc;ico;cur;bmp;dlg;rc2;rct;bin;rgs;gif;jpg;jpeg;jpe;resx;tiff;tif;png;wav;mfcribbon-ms</Extensions>
    </Filter>
  </ItemGroup>
  <ItemGroup>
    <ClInclude Include="include\lodepng.h">
      <Filter>Header Files</Filter>
    </ClInclude>
    <ClInclude Include="include\world\Mesh.h">
      <Filter>Header Files</Filter>
    </ClInclude>
    <ClInclude Include="include\world\Object.h">
      <Filter>Header Files</Filter>
    </ClInclude>
    <ClInclude Include="include\camera\CameraData.h">
      <Filter>Header Files</Filter>
    </ClInclude>
    <ClInclude Include="include\camera\CameraControl.h">
      <Filter>Header Files</Filter>
    </ClInclude>
    <ClInclude Include="include\camera\CameraConstructionData.h">
      <Filter>Header Files</Filter>
    </ClInclude>
    <ClInclude Include="include\camera\Camera.h">
      <Filter>Header Files</Filter>
    </ClInclude>
    <ClInclude Include="include\gui\GuiManager.h">
      <Filter>Header Files</Filter>
    </ClInclude>
    <ClInclude Include="include\gui\imgui_impl_glfw_gl3.h">
      <Filter>Header Files</Filter>
    </ClInclude>
    <ClInclude Include="include\log\Logger.h">
      <Filter>Header Files</Filter>
    </ClInclude>
    <ClInclude Include="include\main\Clock.h">
      <Filter>Header Files</Filter>
    </ClInclude>
    <ClInclude Include="include\main\Controller.h">
      <Filter>Header Files</Filter>
    </ClInclude>
    <ClInclude Include="include\main\DrawMethod.h">
      <Filter>Header Files</Filter>
    </ClInclude>
    <ClInclude Include="include\main\FrameEvent.h">
      <Filter>Header Files</Filter>
    </ClInclude>
    <ClInclude Include="include\math\clamp.h">
      <Filter>Header Files</Filter>
    </ClInclude>
    <ClInclude Include="include\math\util.h">
      <Filter>Header Files</Filter>
    </ClInclude>
    <ClInclude Include="include\pipeline\debug-view\shaders\DebugShader.h">
      <Filter>Header Files</Filter>
    </ClInclude>
    <ClInclude Include="include\pipeline\debug-view\shaders\DebugShaderId.h">
      <Filter>Header Files</Filter>
    </ClInclude>
    <ClInclude Include="include\pipeline\debug-view\shaders\DebugTileDisplayShader.h">
      <Filter>Header Files</Filter>
    </ClInclude>
    <ClInclude Include="include\pipeline\debug-view\DebugPipeline.h">
      <Filter>Header Files</Filter>
    </ClInclude>
    <ClInclude Include="include\pipeline\deferred\shaders\logged\DeferredAttenuatedShaderLogged.h">
      <Filter>Header Files</Filter>
    </ClInclude>
    <ClInclude Include="include\pipeline\deferred\shaders\logged\DeferredClusteredShaderLogged.h">
      <Filter>Header Files</Filter>
    </ClInclude>
    <ClInclude Include="include\pipeline\deferred\shaders\logged\DeferredTiledShaderLogged.h">
      <Filter>Header Files</Filter>
    </ClInclude>
    <ClInclude Include="include\pipeline\deferred\shaders\DeferredAttenuatedShader.h">
      <Filter>Header Files</Filter>
    </ClInclude>
    <ClInclude Include="include\pipeline\deferred\shaders\DeferredClusteredShader.h">
      <Filter>Header Files</Filter>
    </ClInclude>
    <ClInclude Include="include\pipeline\deferred\shaders\DeferredShader.h">
      <Filter>Header Files</Filter>
    </ClInclude>
    <ClInclude Include="include\pipeline\deferred\shaders\DeferredShaderId.h">
      <Filter>Header Files</Filter>
    </ClInclude>
    <ClInclude Include="include\pipeline\deferred\shaders\DeferredTiledShader.h">
      <Filter>Header Files</Filter>
    </ClInclude>
    <ClInclude Include="include\pipeline\deferred\DeferredPipeline.h">
      <Filter>Header Files</Filter>
    </ClInclude>
    <ClInclude Include="include\pipeline\deferred\DeferredPipelineLogged.h">
      <Filter>Header Files</Filter>
    </ClInclude>
    <ClInclude Include="include\pipeline\deferred\GBuffer.h">
      <Filter>Header Files</Filter>
    </ClInclude>
    <ClInclude Include="include\pipeline\forward\shaders\logged\ForwardAttenuatedShaderLogged.h">
      <Filter>Header Files</Filter>
    </ClInclude>
    <ClInclude Include="include\pipeline\forward\shaders\logged\ForwardClusteredShaderLogged.h">
      <Filter>Header Files</Filter>
    </ClInclude>
    <ClInclude Include="include\pipeline\forward\shaders\logged\ForwardTiledShaderLogged.h">
      <Filter>Header Files</Filter>
    </ClInclude>
    <ClInclude Include="include\pipeline\forward\shaders\ForwardAttenuatedShader.h">
      <Filter>Header Files</Filter>
    </ClInclude>
    <ClInclude Include="include\pipeline\forward\shaders\ForwardClusteredShader.h">
      <Filter>Header Files</Filter>
    </ClInclude>
    <ClInclude Include="include\pipeline\forward\shaders\ForwardShader.h">
      <Filter>Header Files</Filter>
    </ClInclude>
    <ClInclude Include="include\pipeline\forward\shaders\ForwardShaderId.h">
      <Filter>Header Files</Filter>
    </ClInclude>
    <ClInclude Include="include\pipeline\forward\shaders\ForwardTiledShader.h">
      <Filter>Header Files</Filter>
    </ClInclude>
    <ClInclude Include="include\pipeline\forward\DepthBuffer.h">
      <Filter>Header Files</Filter>
    </ClInclude>
    <ClInclude Include="include\pipeline\forward\ForwardPipeline.h">
      <Filter>Header Files</Filter>
    </ClInclude>
    <ClInclude Include="include\pipeline\forward\ForwardPipelineLogged.h">
      <Filter>Header Files</Filter>
    </ClInclude>
    <ClInclude Include="include\pipeline\light-management\clustered\compute-client\ComputeShader.h">
      <Filter>Header Files</Filter>
    </ClInclude>
    <ClInclude Include="include\pipeline\light-management\clustered\compute-client\KeyComputeShader.h">
      <Filter>Header Files</Filter>
    </ClInclude>
    <ClInclude Include="include\pipeline\light-management\clustered\compute-client\KeySortAndCompactShader.h">
      <Filter>Header Files</Filter>
    </ClInclude>
    <ClInclude Include="include\pipeline\light-management\clustered\compute-client\TestComputeShader.h">
      <Filter>Header Files</Filter>
    </ClInclude>
    <ClInclude Include="include\pipeline\light-management\clustered\ClusteredLightManager.h">
      <Filter>Header Files</Filter>
    </ClInclude>
    <ClInclude Include="include\pipeline\light-management\clustered\ClusteredLightManagerLogged.h">
      <Filter>Header Files</Filter>
    </ClInclude>
    <ClInclude Include="include\pipeline\light-management\clustered\LightClustering.h">
      <Filter>Header Files</Filter>
    </ClInclude>
    <ClInclude Include="include\pipeline\light-management\hashed\linkless-octree\SpatialHashFunction.h">
      <Filter>Header Files</Filter>
    </ClInclude>
    <ClInclude Include="include\pipeline\light-management\tiled\BoxProjector.h">
      <Filter>Header Files</Filter>
    </ClInclude>
    <ClInclude Include="include\pipeline\light-management\tiled\LightGrid.h">
      <Filter>Header Files</Filter>
    </ClInclude>
    <ClInclude Include="include\pipeline\light-management\tiled\LightProjector.h">
      <Filter>Header Files</Filter>
    </ClInclude>
    <ClInclude Include="include\pipeline\light-management\tiled\TiledLightManager.h">
      <Filter>Header Files</Filter>
    </ClInclude>
    <ClInclude Include="include\pipeline\light-management\tiled\TiledLightManagerLogged.h">
      <Filter>Header Files</Filter>
    </ClInclude>
    <ClInclude Include="include\pipeline\pipeline-util\ConstructQuad.h">
      <Filter>Header Files</Filter>
    </ClInclude>
    <ClInclude Include="include\pipeline\shader-util\LoadShaders.h">
      <Filter>Header Files</Filter>
    </ClInclude>
    <ClInclude Include="include\pipeline\shader-util\LoadTextures.h">
      <Filter>Header Files</Filter>
    </ClInclude>
    <ClInclude Include="include\pipeline\Pipeline.h">
      <Filter>Header Files</Filter>
    </ClInclude>
    <ClInclude Include="include\pipeline\PipelineLight.h">
      <Filter>Header Files</Filter>
    </ClInclude>
    <ClInclude Include="include\pipeline\PipelineObject.h">
      <Filter>Header Files</Filter>
    </ClInclude>
    <ClInclude Include="include\pipeline\PipelineType.h">
      <Filter>Header Files</Filter>
    </ClInclude>
    <ClInclude Include="include\pipeline\Shader.h">
      <Filter>Header Files</Filter>
    </ClInclude>
    <ClInclude Include="include\pipeline\ShaderKey.h">
      <Filter>Header Files</Filter>
    </ClInclude>
    <ClInclude Include="include\state\State.h">
      <Filter>Header Files</Filter>
    </ClInclude>
    <ClInclude Include="include\state\StateLog.h">
      <Filter>Header Files</Filter>
    </ClInclude>
    <ClInclude Include="include\state\StateShading.h">
      <Filter>Header Files</Filter>
    </ClInclude>
    <ClInclude Include="include\state\StateTexture.h">
      <Filter>Header Files</Filter>
    </ClInclude>
    <ClInclude Include="include\state\StateView.h">
      <Filter>Header Files</Filter>
    </ClInclude>
    <ClInclude Include="include\world\light-constructor\LightConstructor.h">
      <Filter>Header Files</Filter>
    </ClInclude>
    <ClInclude Include="include\world\light-constructor\PointLightConstructor.h">
      <Filter>Header Files</Filter>
    </ClInclude>
    <ClInclude Include="include\world\object-constructor\AssImpConstructor.h">
      <Filter>Header Files</Filter>
    </ClInclude>
    <ClInclude Include="include\world\object-constructor\ObjectConstructor.h">
      <Filter>Header Files</Filter>
    </ClInclude>
    <ClInclude Include="include\world\PointLight.h">
      <Filter>Header Files</Filter>
    </ClInclude>
    <ClInclude Include="include\world\World.h">
      <Filter>Header Files</Filter>
    </ClInclude>
    <ClInclude Include="include\pipeline\light-management\hashed\linkless-octree\SpatialHashFunctionBuilder.h">
      <Filter>Header Files</Filter>
    </ClInclude>
    <ClInclude Include="include\pipeline\light-management\hashed\linkless-octree\Exceptions.h">
      <Filter>Header Files</Filter>
    </ClInclude>
    <ClInclude Include="include\pipeline\light-management\hashed\linkless-octree\Table.h">
      <Filter>Header Files</Filter>
    </ClInclude>
    <ClInclude Include="include\math\octree.h">
      <Filter>Header Files</Filter>
    </ClInclude>
    <ClInclude Include="include\pipeline\light-management\hashed\light-octree\slt\Lattice.h">
      <Filter>Header Files</Filter>
    </ClInclude>
    <ClInclude Include="include\pipeline\light-management\hashed\light-octree\slt\SingleLightTree.h">
      <Filter>Header Files</Filter>
    </ClInclude>
    <ClInclude Include="include\pipeline\light-management\hashed\light-octree\slt\Exceptions.h">
      <Filter>Header Files</Filter>
    </ClInclude>
    <ClInclude Include="include\math\points.h">
      <Filter>Header Files</Filter>
    </ClInclude>
    <ClInclude Include="include\pipeline\light-management\hashed\light-octree\slt\NodeType.h">
      <Filter>Header Files</Filter>
    </ClInclude>
    <ClInclude Include="include\pipeline\light-management\hashed\light-octree\slt\SingleLightTreeBuilder.h">
      <Filter>Header Files</Filter>
    </ClInclude>
    <ClInclude Include="include\pipeline\light-management\hashed\light-octree\slt\nodes\SLTBranch.h">
      <Filter>Header Files</Filter>
    </ClInclude>
    <ClInclude Include="include\pipeline\light-management\hashed\light-octree\slt\nodes\SLTNode.h">
      <Filter>Header Files</Filter>
    </ClInclude>
    <ClInclude Include="include\pipeline\light-management\hashed\light-octree\slt\nodes\SLTLeaf.h">
      <Filter>Header Files</Filter>
    </ClInclude>
    <ClInclude Include="include\pipeline\light-management\hashed\HashedConfig.h">
      <Filter>Header Files</Filter>
    </ClInclude>
    <ClInclude Include="include\pipeline\light-management\hashed\light-octree\LightOctree.h">
      <Filter>Header Files</Filter>
    </ClInclude>
    <ClInclude Include="include\pipeline\light-management\hashed\light-octree\nodes\LONode.h">
      <Filter>Header Files</Filter>
    </ClInclude>
    <ClInclude Include="include\pipeline\light-management\hashed\light-octree\nodes\LOLeaf.h">
      <Filter>Header Files</Filter>
    </ClInclude>
    <ClInclude Include="include\pipeline\light-management\hashed\light-octree\nodes\LOBranch.h">
      <Filter>Header Files</Filter>
    </ClInclude>
    <ClInclude Include="include\pipeline\light-management\hashed\light-octree\nodes\LOParent.h">
      <Filter>Header Files</Filter>
    </ClInclude>
    <ClInclude Include="include\pipeline\light-management\hashed\light-octree\NodeDimensions.h">
      <Filter>Header Files</Filter>
    </ClInclude>
    <ClInclude Include="include\pipeline\light-management\hashed\HashedLightManager.h">
      <Filter>Header Files</Filter>
    </ClInclude>
    <ClInclude Include="include\pipeline\light-management\hashed\Exceptions.h">
      <Filter>Header Files</Filter>
    </ClInclude>
    <ClInclude Include="include\pipeline\light-management\hashed\light-octree\nodes\LONodeContainer.h">
      <Filter>Header Files</Filter>
    </ClInclude>
    <ClInclude Include="include\pipeline\light-management\hashed\linkless-octree\LinklessOctree.h">
      <Filter>Header Files</Filter>
    </ClInclude>
  </ItemGroup>
  <ItemGroup>
    <None Include="include\camera\Camera.rst" />
    <None Include="include\gui\GUI.rst" />
    <None Include="include\log\Logged.rst" />
    <None Include="include\main\Main.rst" />
    <None Include="include\math\Math.rst" />
    <None Include="include\pipeline\Pipeline.rst" />
    <None Include="include\state\State.rst" />
    <None Include="include\world\World.rst" />
    <None Include="src\pipeline\shader-glsl\texture_display.frag" />
    <None Include="src\pipeline\shader-glsl\texture_display.vert" />
    <None Include="src\pipeline\forward\shaders-glsl\copy_depth.frag" />
    <None Include="src\pipeline\forward\shaders-glsl\copy_depth.vert" />
    <None Include="src\pipeline\forward\shaders-glsl\depth_clustered.frag" />
    <None Include="src\pipeline\forward\shaders-glsl\depth_clustered.vert" />
    <None Include="src\pipeline\forward\shaders-glsl\lambert_basic.vert" />
    <None Include="src\pipeline\forward\shaders-glsl\lambert_basic_attenuated.frag" />
    <None Include="src\pipeline\forward\shaders-glsl\lambert_basic_tiled.frag" />
    <None Include="src\pipeline\forward\shaders-glsl\lambert_clustered.frag" />
    <None Include="src\pipeline\forward\shaders-glsl\lambert_hashed.frag" />
    <None Include="src\pipeline\forward\shaders-glsl\lambert_hashed.vert" />
    <None Include="src\pipeline\forward\shaders-glsl\solid.frag" />
    <None Include="src\pipeline\forward\shaders-glsl\solid.vert" />
    <None Include="src\pipeline\deferred\shaders-glsl\lambert_gbuffer.frag" />
    <None Include="src\pipeline\deferred\shaders-glsl\lambert_gbuffer.vert" />
    <None Include="src\pipeline\deferred\shaders-glsl\lambert_light.vert" />
    <None Include="src\pipeline\deferred\shaders-glsl\lambert_light_attenuated.frag" />
    <None Include="src\pipeline\deferred\shaders-glsl\lambert_light_clustered.frag" />
    <None Include="src\pipeline\deferred\shaders-glsl\lambert_light_tiled.frag" />
    <None Include="src\pipeline\light-management\clustered\compute-glsl\key_compute.glsl" />
    <None Include="src\pipeline\light-management\clustered\compute-glsl\key_sort_and_compact.glsl" />
    <None Include="src\pipeline\light-management\clustered\compute-glsl\test_compute.glsl" />
    <None Include="src\pipeline\light-management\clustered\debug-visualise-glsl\key_visualise.frag" />
    <None Include="src\pipeline\light-management\clustered\debug-visualise-glsl\key_visualise.vert" />
  </ItemGroup>
  <ItemGroup>
    <ClCompile Include="src\camera\Camera.cpp">
      <Filter>Source Files</Filter>
    </ClCompile>
    <ClCompile Include="src\camera\CameraConstructionData.cpp">
      <Filter>Source Files</Filter>
    </ClCompile>
    <ClCompile Include="src\camera\CameraControl.cpp">
      <Filter>Source Files</Filter>
    </ClCompile>
    <ClCompile Include="src\camera\CameraData.cpp">
      <Filter>Source Files</Filter>
    </ClCompile>
    <ClCompile Include="src\gui\GuiManager.cpp">
      <Filter>Source Files</Filter>
    </ClCompile>
    <ClCompile Include="src\gui\imgui_impl_glfw_gl3.cpp">
      <Filter>Source Files</Filter>
    </ClCompile>
    <ClCompile Include="src\log\Logger.cpp">
      <Filter>Source Files</Filter>
    </ClCompile>
    <ClCompile Include="src\main\Clock.cpp">
      <Filter>Source Files</Filter>
    </ClCompile>
    <ClCompile Include="src\main\Controller.cpp">
      <Filter>Source Files</Filter>
    </ClCompile>
    <ClCompile Include="src\main\DrawMethod.cpp">
      <Filter>Source Files</Filter>
    </ClCompile>
    <ClCompile Include="src\main\FrameEvent.cpp">
      <Filter>Source Files</Filter>
    </ClCompile>
    <ClCompile Include="src\pipeline\debug-view\shaders\DebugShader.cpp">
      <Filter>Source Files</Filter>
    </ClCompile>
    <ClCompile Include="src\pipeline\debug-view\shaders\DebugTileDisplayShader.cpp">
      <Filter>Source Files</Filter>
    </ClCompile>
    <ClCompile Include="src\pipeline\debug-view\DebugPipeline.cpp">
      <Filter>Source Files</Filter>
    </ClCompile>
    <ClCompile Include="src\pipeline\deferred\shaders\Logged\DeferredAttenuatedShaderLogged.cpp">
      <Filter>Source Files</Filter>
    </ClCompile>
    <ClCompile Include="src\pipeline\deferred\shaders\Logged\DeferredClusteredShaderLogged.cpp">
      <Filter>Source Files</Filter>
    </ClCompile>
    <ClCompile Include="src\pipeline\deferred\shaders\Logged\DeferredTiledShaderLogged.cpp">
      <Filter>Source Files</Filter>
    </ClCompile>
    <ClCompile Include="src\pipeline\deferred\shaders\DeferredAttenuatedShader.cpp">
      <Filter>Source Files</Filter>
    </ClCompile>
    <ClCompile Include="src\pipeline\deferred\shaders\DeferredClusteredShader.cpp">
      <Filter>Source Files</Filter>
    </ClCompile>
    <ClCompile Include="src\pipeline\deferred\shaders\DeferredShader.cpp">
      <Filter>Source Files</Filter>
    </ClCompile>
    <ClCompile Include="src\pipeline\deferred\shaders\DeferredTiledShader.cpp">
      <Filter>Source Files</Filter>
    </ClCompile>
    <ClCompile Include="src\pipeline\deferred\DeferredPipeline.cpp">
      <Filter>Source Files</Filter>
    </ClCompile>
    <ClCompile Include="src\pipeline\deferred\DeferredPipelineLogged.cpp">
      <Filter>Source Files</Filter>
    </ClCompile>
    <ClCompile Include="src\pipeline\deferred\GBuffer.cpp">
      <Filter>Source Files</Filter>
    </ClCompile>
    <ClCompile Include="src\pipeline\forward\shaders\Logged\ForwardAttenuatedShaderLogged.cpp">
      <Filter>Source Files</Filter>
    </ClCompile>
    <ClCompile Include="src\pipeline\forward\shaders\Logged\ForwardClusteredShaderLogged.cpp">
      <Filter>Source Files</Filter>
    </ClCompile>
    <ClCompile Include="src\pipeline\forward\shaders\Logged\ForwardTiledShaderLogged.cpp">
      <Filter>Source Files</Filter>
    </ClCompile>
    <ClCompile Include="src\pipeline\forward\shaders\ForwardAttenuatedShader.cpp">
      <Filter>Source Files</Filter>
    </ClCompile>
    <ClCompile Include="src\pipeline\forward\shaders\ForwardClusteredShader.cpp">
      <Filter>Source Files</Filter>
    </ClCompile>
    <ClCompile Include="src\pipeline\forward\shaders\ForwardShader.cpp">
      <Filter>Source Files</Filter>
    </ClCompile>
    <ClCompile Include="src\pipeline\forward\shaders\ForwardTiledShader.cpp">
      <Filter>Source Files</Filter>
    </ClCompile>
    <ClCompile Include="src\pipeline\forward\DepthBuffer.cpp">
      <Filter>Source Files</Filter>
    </ClCompile>
    <ClCompile Include="src\pipeline\forward\ForwardPipeline.cpp">
      <Filter>Source Files</Filter>
    </ClCompile>
    <ClCompile Include="src\pipeline\forward\ForwardPipelineLogged.cpp">
      <Filter>Source Files</Filter>
    </ClCompile>
    <ClCompile Include="src\pipeline\light-management\clustered\compute-client\KeyComputeShader.cpp">
      <Filter>Source Files</Filter>
    </ClCompile>
    <ClCompile Include="src\pipeline\light-management\clustered\compute-client\KeySortAndCompactShader.cpp">
      <Filter>Source Files</Filter>
    </ClCompile>
    <ClCompile Include="src\pipeline\light-management\clustered\compute-client\TestComputeShader.cpp">
      <Filter>Source Files</Filter>
    </ClCompile>
    <ClCompile Include="src\pipeline\light-management\clustered\ClusteredLightManager.cpp">
      <Filter>Source Files</Filter>
    </ClCompile>
    <ClCompile Include="src\pipeline\light-management\clustered\ClusteredLightManagerLogged.cpp">
      <Filter>Source Files</Filter>
    </ClCompile>
    <ClCompile Include="src\pipeline\light-management\clustered\LightClustering.cpp">
      <Filter>Source Files</Filter>
    </ClCompile>
    <ClCompile Include="src\pipeline\light-management\hashed\linkless-octree\SpatialHashFunction.cpp">
      <Filter>Source Files</Filter>
    </ClCompile>
    <ClCompile Include="src\pipeline\light-management\tiled\BoxProjector.cpp">
      <Filter>Source Files</Filter>
    </ClCompile>
    <ClCompile Include="src\pipeline\light-management\tiled\LightGrid..cpp">
      <Filter>Source Files</Filter>
    </ClCompile>
    <ClCompile Include="src\pipeline\light-management\tiled\TiledLightManager.cpp">
      <Filter>Source Files</Filter>
    </ClCompile>
    <ClCompile Include="src\pipeline\light-management\tiled\TiledLightManagerLogged.cpp">
      <Filter>Source Files</Filter>
    </ClCompile>
    <ClCompile Include="src\pipeline\pipeline-util\ConstructQuad.cpp">
      <Filter>Source Files</Filter>
    </ClCompile>
    <ClCompile Include="src\pipeline\shader-util\LoadShaders.cpp">
      <Filter>Source Files</Filter>
    </ClCompile>
    <ClCompile Include="src\pipeline\shader-util\LoadTextures.cpp">
      <Filter>Source Files</Filter>
    </ClCompile>
    <ClCompile Include="src\pipeline\Pipeline.cpp">
      <Filter>Source Files</Filter>
    </ClCompile>
    <ClCompile Include="src\pipeline\PipelineObject.cpp">
      <Filter>Source Files</Filter>
    </ClCompile>
    <ClCompile Include="src\pipeline\Shader.cpp">
      <Filter>Source Files</Filter>
    </ClCompile>
    <ClCompile Include="src\pipeline\ShaderKey.cpp">
      <Filter>Source Files</Filter>
    </ClCompile>
    <ClCompile Include="src\state\GeometryParser.cpp">
      <Filter>Source Files</Filter>
    </ClCompile>
    <ClCompile Include="src\state\LightParser.cpp">
      <Filter>Source Files</Filter>
    </ClCompile>
    <ClCompile Include="src\state\State.cpp">
      <Filter>Source Files</Filter>
    </ClCompile>
    <ClCompile Include="src\state\StateLog.cpp">
      <Filter>Source Files</Filter>
    </ClCompile>
    <ClCompile Include="src\state\StateShading.cpp">
      <Filter>Source Files</Filter>
    </ClCompile>
    <ClCompile Include="src\state\StateTexture.cpp">
      <Filter>Source Files</Filter>
    </ClCompile>
    <ClCompile Include="src\state\StateView.cpp">
      <Filter>Source Files</Filter>
    </ClCompile>
    <ClCompile Include="src\world\light-constructor\PointLightConstructor.cpp">
      <Filter>Source Files</Filter>
    </ClCompile>
    <ClCompile Include="src\world\object-constructor\AssImpConstructor.cpp">
      <Filter>Source Files</Filter>
    </ClCompile>
    <ClCompile Include="src\world\Mesh.cpp">
      <Filter>Source Files</Filter>
    </ClCompile>
    <ClCompile Include="src\world\Object.cpp">
      <Filter>Source Files</Filter>
    </ClCompile>
    <ClCompile Include="src\world\PointLight.cpp">
      <Filter>Source Files</Filter>
    </ClCompile>
    <ClCompile Include="src\world\World.cpp">
      <Filter>Source Files</Filter>
    </ClCompile>
    <ClCompile Include="src\lodepng.cpp">
      <Filter>Source Files</Filter>
    </ClCompile>
    <ClCompile Include="..\lib\GL\src\glad.c">
      <Filter>Source Files</Filter>
    </ClCompile>
    <ClCompile Include="..\lib\imgui\imgui.cpp">
      <Filter>Source Files</Filter>
    </ClCompile>
    <ClCompile Include="..\lib\imgui\imgui_draw.cpp">
      <Filter>Source Files</Filter>
    </ClCompile>
    <ClCompile Include="src\pipeline\light-management\hashed\linkless-octree\SpatialHashFunctionBuilder.cpp">
      <Filter>Source Files</Filter>
    </ClCompile>
    <ClCompile Include="src\pipeline\light-management\hashed\linkless-octree\Table.cpp">
      <Filter>Source Files</Filter>
    </ClCompile>
    <ClCompile Include="src\pipeline\light-management\hashed\light-octree\slt\Lattice.cpp">
      <Filter>Source Files</Filter>
    </ClCompile>
    <ClCompile Include="src\pipeline\light-management\hashed\light-octree\slt\SingleLightTreeBuilder.cpp">
      <Filter>Source Files</Filter>
    </ClCompile>
    <ClCompile Include="src\pipeline\light-management\hashed\light-octree\slt\nodes\SLTBranch.cpp">
      <Filter>Source Files</Filter>
    </ClCompile>
    <ClCompile Include="src\pipeline\light-management\hashed\light-octree\slt\nodes\SLTLeaf.cpp">
      <Filter>Source Files</Filter>
    </ClCompile>
    <ClCompile Include="src\pipeline\light-management\hashed\HashedConfig.cpp">
      <Filter>Source Files</Filter>
    </ClCompile>
    <ClCompile Include="src\pipeline\light-management\hashed\light-octree\slt\SingleLightTree.cpp">
      <Filter>Source Files</Filter>
    </ClCompile>
    <ClCompile Include="src\pipeline\light-management\hashed\light-octree\NodeDimensions.cpp">
      <Filter>Source Files</Filter>
    </ClCompile>
    <ClCompile Include="src\pipeline\light-management\hashed\HashedLightManager.cpp">
      <Filter>Source Files</Filter>
    </ClCompile>
    <ClCompile Include="src\pipeline\light-management\hashed\light-octree\LightOctree.cpp">
      <Filter>Source Files</Filter>
    </ClCompile>
    <ClCompile Include="src\pipeline\light-management\hashed\light-octree\nodes\LOBranch.cpp">
      <Filter>Source Files</Filter>
    </ClCompile>
    <ClCompile Include="src\pipeline\light-management\hashed\light-octree\nodes\LOLeaf.cpp">
      <Filter>Source Files</Filter>
    </ClCompile>
    <ClCompile Include="src\pipeline\light-management\hashed\light-octree\nodes\LONodeContainer.cpp">
      <Filter>Source Files</Filter>
    </ClCompile>
    <ClCompile Include="src\pipeline\light-management\hashed\linkless-octree\LinklessOctree.cpp">
      <Filter>Source Files</Filter>
    </ClCompile>
  </ItemGroup>
</Project>